// !$*UTF8*$!
{
	archiveVersion = 1;
	classes = {
	};
	objectVersion = 60;
	objects = {

/* Begin PBXBuildFile section */
		19C5CCAF46680375A19D0621 /* libPods-iOSCocoapodsStaticExample.a in Frameworks */ = {isa = PBXBuildFile; fileRef = 0F7D40BF31779FFB1386607F /* libPods-iOSCocoapodsStaticExample.a */; };
		2062E29FF72010B5628C963B /* libPods-MacCocoapodsStaticExample.a in Frameworks */ = {isa = PBXBuildFile; fileRef = 0F012E2ED5AD079252DFF204 /* libPods-MacCocoapodsStaticExample.a */; };
		342B339C658BF7E9C8FAD084 /* Pods_MacCocoapodsDynamicExample.framework in Frameworks */ = {isa = PBXBuildFile; fileRef = 670E28079687D9B7F907F11B /* Pods_MacCocoapodsDynamicExample.framework */; };
		A000D5DF2B406FEA00AECDCF /* AppDelegate.swift in Sources */ = {isa = PBXBuildFile; fileRef = A000D5DE2B406FEA00AECDCF /* AppDelegate.swift */; };
		A000D5E12B406FEA00AECDCF /* SceneDelegate.swift in Sources */ = {isa = PBXBuildFile; fileRef = A000D5E02B406FEA00AECDCF /* SceneDelegate.swift */; };
		A000D5E32B406FEA00AECDCF /* ViewController.swift in Sources */ = {isa = PBXBuildFile; fileRef = A000D5E22B406FEA00AECDCF /* ViewController.swift */; };
		A000D5E62B406FEA00AECDCF /* Main.storyboard in Resources */ = {isa = PBXBuildFile; fileRef = A000D5E42B406FEA00AECDCF /* Main.storyboard */; };
		A000D5E82B406FEB00AECDCF /* Assets.xcassets in Resources */ = {isa = PBXBuildFile; fileRef = A000D5E72B406FEB00AECDCF /* Assets.xcassets */; };
		A000D5EB2B406FEB00AECDCF /* LaunchScreen.storyboard in Resources */ = {isa = PBXBuildFile; fileRef = A000D5E92B406FEB00AECDCF /* LaunchScreen.storyboard */; };
		A000D5F52B40701300AECDCF /* LibffiSwiftTest.swift in Sources */ = {isa = PBXBuildFile; fileRef = A000D5F12B40701300AECDCF /* LibffiSwiftTest.swift */; };
		A000D5F62B40701300AECDCF /* LibffiObjectiveCTest.m in Sources */ = {isa = PBXBuildFile; fileRef = A000D5F32B40701300AECDCF /* LibffiObjectiveCTest.m */; };
		A000D5F72B40701300AECDCF /* RunTests.swift in Sources */ = {isa = PBXBuildFile; fileRef = A000D5F42B40701300AECDCF /* RunTests.swift */; };
		A000D5FF2B40707D00AECDCF /* AppDelegate.swift in Sources */ = {isa = PBXBuildFile; fileRef = A000D5FE2B40707D00AECDCF /* AppDelegate.swift */; };
		A000D6012B40707D00AECDCF /* SceneDelegate.swift in Sources */ = {isa = PBXBuildFile; fileRef = A000D6002B40707D00AECDCF /* SceneDelegate.swift */; };
		A000D6032B40707D00AECDCF /* ViewController.swift in Sources */ = {isa = PBXBuildFile; fileRef = A000D6022B40707D00AECDCF /* ViewController.swift */; };
		A000D6062B40707D00AECDCF /* Main.storyboard in Resources */ = {isa = PBXBuildFile; fileRef = A000D6042B40707D00AECDCF /* Main.storyboard */; };
		A000D6082B40707E00AECDCF /* Assets.xcassets in Resources */ = {isa = PBXBuildFile; fileRef = A000D6072B40707E00AECDCF /* Assets.xcassets */; };
		A000D60B2B40707E00AECDCF /* LaunchScreen.storyboard in Resources */ = {isa = PBXBuildFile; fileRef = A000D6092B40707E00AECDCF /* LaunchScreen.storyboard */; };
		A000D6152B40709400AECDCF /* RunTests.swift in Sources */ = {isa = PBXBuildFile; fileRef = A000D6122B40709400AECDCF /* RunTests.swift */; };
		A000D6162B40709400AECDCF /* LibffiObjectiveCTest.m in Sources */ = {isa = PBXBuildFile; fileRef = A000D6132B40709400AECDCF /* LibffiObjectiveCTest.m */; };
		A000D6172B40709400AECDCF /* LibffiSwiftTest.swift in Sources */ = {isa = PBXBuildFile; fileRef = A000D6142B40709400AECDCF /* LibffiSwiftTest.swift */; };
		A000D61F2B40714200AECDCF /* AppDelegate.swift in Sources */ = {isa = PBXBuildFile; fileRef = A000D61E2B40714200AECDCF /* AppDelegate.swift */; };
		A000D6212B40714200AECDCF /* ViewController.swift in Sources */ = {isa = PBXBuildFile; fileRef = A000D6202B40714200AECDCF /* ViewController.swift */; };
		A000D6232B40714300AECDCF /* Assets.xcassets in Resources */ = {isa = PBXBuildFile; fileRef = A000D6222B40714300AECDCF /* Assets.xcassets */; };
		A000D6262B40714300AECDCF /* Main.storyboard in Resources */ = {isa = PBXBuildFile; fileRef = A000D6242B40714300AECDCF /* Main.storyboard */; };
		A000D6302B40717300AECDCF /* LibffiObjectiveCTest.m in Sources */ = {isa = PBXBuildFile; fileRef = A000D62C2B40717300AECDCF /* LibffiObjectiveCTest.m */; };
		A000D6312B40717300AECDCF /* LibffiSwiftTest.swift in Sources */ = {isa = PBXBuildFile; fileRef = A000D62D2B40717300AECDCF /* LibffiSwiftTest.swift */; };
		A000D6322B40717300AECDCF /* RunTests.swift in Sources */ = {isa = PBXBuildFile; fileRef = A000D62F2B40717300AECDCF /* RunTests.swift */; };
		A000D63A2B40720300AECDCF /* AppDelegate.swift in Sources */ = {isa = PBXBuildFile; fileRef = A000D6392B40720300AECDCF /* AppDelegate.swift */; };
		A000D63C2B40720300AECDCF /* ViewController.swift in Sources */ = {isa = PBXBuildFile; fileRef = A000D63B2B40720300AECDCF /* ViewController.swift */; };
		A000D63E2B40720400AECDCF /* Assets.xcassets in Resources */ = {isa = PBXBuildFile; fileRef = A000D63D2B40720400AECDCF /* Assets.xcassets */; };
		A000D6412B40720400AECDCF /* Main.storyboard in Resources */ = {isa = PBXBuildFile; fileRef = A000D63F2B40720400AECDCF /* Main.storyboard */; };
		A000D64B2B40722D00AECDCF /* LibffiObjectiveCTest.m in Sources */ = {isa = PBXBuildFile; fileRef = A000D6482B40722D00AECDCF /* LibffiObjectiveCTest.m */; };
		A000D64C2B40722D00AECDCF /* RunTests.swift in Sources */ = {isa = PBXBuildFile; fileRef = A000D6492B40722D00AECDCF /* RunTests.swift */; };
		A000D64D2B40722D00AECDCF /* LibffiSwiftTest.swift in Sources */ = {isa = PBXBuildFile; fileRef = A000D64A2B40722D00AECDCF /* LibffiSwiftTest.swift */; };
		A000D6552B4072F400AECDCF /* SPMExampleApp.swift in Sources */ = {isa = PBXBuildFile; fileRef = A000D6542B4072F400AECDCF /* SPMExampleApp.swift */; };
		A000D6572B4072F400AECDCF /* ContentView.swift in Sources */ = {isa = PBXBuildFile; fileRef = A000D6562B4072F400AECDCF /* ContentView.swift */; };
		A000D6592B4072F500AECDCF /* Assets.xcassets in Resources */ = {isa = PBXBuildFile; fileRef = A000D6582B4072F500AECDCF /* Assets.xcassets */; };
		A000D65D2B4072F500AECDCF /* Preview Assets.xcassets in Resources */ = {isa = PBXBuildFile; fileRef = A000D65C2B4072F500AECDCF /* Preview Assets.xcassets */; };
		A000D6662B40730300AECDCF /* LibffiSwiftTest.swift in Sources */ = {isa = PBXBuildFile; fileRef = A000D6632B40730300AECDCF /* LibffiSwiftTest.swift */; };
		A000D6672B40730300AECDCF /* RunTests.swift in Sources */ = {isa = PBXBuildFile; fileRef = A000D6642B40730300AECDCF /* RunTests.swift */; };
		A000D6682B40730300AECDCF /* LibffiObjectiveCTest.m in Sources */ = {isa = PBXBuildFile; fileRef = A000D6652B40730300AECDCF /* LibffiObjectiveCTest.m */; };
		A09334A92B41518700DA9FA0 /* libffi_apple in Frameworks */ = {isa = PBXBuildFile; productRef = A09334A82B41518700DA9FA0 /* libffi_apple */; };
		E0769F7ED831A93EA32B980D /* Pods_iOSCocoapodsDynamicExample.framework in Frameworks */ = {isa = PBXBuildFile; fileRef = D276C13FFCDBA9B827D21A98 /* Pods_iOSCocoapodsDynamicExample.framework */; };
/* End PBXBuildFile section */

/* Begin PBXFileReference section */
		082840EFAFF18001D950448E /* Pods-iOSCocoapodsDynamicExample.debug.xcconfig */ = {isa = PBXFileReference; includeInIndex = 1; lastKnownFileType = text.xcconfig; name = "Pods-iOSCocoapodsDynamicExample.debug.xcconfig"; path = "Target Support Files/Pods-iOSCocoapodsDynamicExample/Pods-iOSCocoapodsDynamicExample.debug.xcconfig"; sourceTree = "<group>"; };
		0F012E2ED5AD079252DFF204 /* libPods-MacCocoapodsStaticExample.a */ = {isa = PBXFileReference; explicitFileType = archive.ar; includeInIndex = 0; path = "libPods-MacCocoapodsStaticExample.a"; sourceTree = BUILT_PRODUCTS_DIR; };
		0F7D40BF31779FFB1386607F /* libPods-iOSCocoapodsStaticExample.a */ = {isa = PBXFileReference; explicitFileType = archive.ar; includeInIndex = 0; path = "libPods-iOSCocoapodsStaticExample.a"; sourceTree = BUILT_PRODUCTS_DIR; };
		13027736167421DF745DD11B /* Pods-CocoapodsDynamicExample.debug.xcconfig */ = {isa = PBXFileReference; includeInIndex = 1; lastKnownFileType = text.xcconfig; name = "Pods-CocoapodsDynamicExample.debug.xcconfig"; path = "Target Support Files/Pods-CocoapodsDynamicExample/Pods-CocoapodsDynamicExample.debug.xcconfig"; sourceTree = "<group>"; };
		4259BA3C4989777515B2898D /* Pods-MacCocoapodsStaticExample.debug.xcconfig */ = {isa = PBXFileReference; includeInIndex = 1; lastKnownFileType = text.xcconfig; name = "Pods-MacCocoapodsStaticExample.debug.xcconfig"; path = "Target Support Files/Pods-MacCocoapodsStaticExample/Pods-MacCocoapodsStaticExample.debug.xcconfig"; sourceTree = "<group>"; };
		4CA51A16FE691D51A9D70CF3 /* Pods-MacCocoapodsDynamicExample.debug.xcconfig */ = {isa = PBXFileReference; includeInIndex = 1; lastKnownFileType = text.xcconfig; name = "Pods-MacCocoapodsDynamicExample.debug.xcconfig"; path = "Target Support Files/Pods-MacCocoapodsDynamicExample/Pods-MacCocoapodsDynamicExample.debug.xcconfig"; sourceTree = "<group>"; };
		670E28079687D9B7F907F11B /* Pods_MacCocoapodsDynamicExample.framework */ = {isa = PBXFileReference; explicitFileType = wrapper.framework; includeInIndex = 0; path = Pods_MacCocoapodsDynamicExample.framework; sourceTree = BUILT_PRODUCTS_DIR; };
		72531A37E5711F8BD80C6439 /* Pods-iOSCocoapodsStaticExample.debug.xcconfig */ = {isa = PBXFileReference; includeInIndex = 1; lastKnownFileType = text.xcconfig; name = "Pods-iOSCocoapodsStaticExample.debug.xcconfig"; path = "Target Support Files/Pods-iOSCocoapodsStaticExample/Pods-iOSCocoapodsStaticExample.debug.xcconfig"; sourceTree = "<group>"; };
		8BA642D9A6F51602FC27421C /* Pods-MacCocoapodsStaticExample.release.xcconfig */ = {isa = PBXFileReference; includeInIndex = 1; lastKnownFileType = text.xcconfig; name = "Pods-MacCocoapodsStaticExample.release.xcconfig"; path = "Target Support Files/Pods-MacCocoapodsStaticExample/Pods-MacCocoapodsStaticExample.release.xcconfig"; sourceTree = "<group>"; };
		A000D5DC2B406FEA00AECDCF /* iOSCocoapodsDynamicExample.app */ = {isa = PBXFileReference; explicitFileType = wrapper.application; includeInIndex = 0; path = iOSCocoapodsDynamicExample.app; sourceTree = BUILT_PRODUCTS_DIR; };
		A000D5DE2B406FEA00AECDCF /* AppDelegate.swift */ = {isa = PBXFileReference; lastKnownFileType = sourcecode.swift; path = AppDelegate.swift; sourceTree = "<group>"; };
		A000D5E02B406FEA00AECDCF /* SceneDelegate.swift */ = {isa = PBXFileReference; lastKnownFileType = sourcecode.swift; path = SceneDelegate.swift; sourceTree = "<group>"; };
		A000D5E22B406FEA00AECDCF /* ViewController.swift */ = {isa = PBXFileReference; lastKnownFileType = sourcecode.swift; path = ViewController.swift; sourceTree = "<group>"; };
		A000D5E52B406FEA00AECDCF /* Base */ = {isa = PBXFileReference; lastKnownFileType = file.storyboard; name = Base; path = Base.lproj/Main.storyboard; sourceTree = "<group>"; };
		A000D5E72B406FEB00AECDCF /* Assets.xcassets */ = {isa = PBXFileReference; lastKnownFileType = folder.assetcatalog; path = Assets.xcassets; sourceTree = "<group>"; };
		A000D5EA2B406FEB00AECDCF /* Base */ = {isa = PBXFileReference; lastKnownFileType = file.storyboard; name = Base; path = Base.lproj/LaunchScreen.storyboard; sourceTree = "<group>"; };
		A000D5EC2B406FEB00AECDCF /* Info.plist */ = {isa = PBXFileReference; lastKnownFileType = text.plist.xml; path = Info.plist; sourceTree = "<group>"; };
		A000D5F02B40701200AECDCF /* iOSCocoapodsDynamicExample-Bridging-Header.h */ = {isa = PBXFileReference; lastKnownFileType = sourcecode.c.h; path = "iOSCocoapodsDynamicExample-Bridging-Header.h"; sourceTree = "<group>"; };
		A000D5F12B40701300AECDCF /* LibffiSwiftTest.swift */ = {isa = PBXFileReference; fileEncoding = 4; lastKnownFileType = sourcecode.swift; name = LibffiSwiftTest.swift; path = TestsCode/LibffiSwiftTest.swift; sourceTree = SOURCE_ROOT; };
		A000D5F22B40701300AECDCF /* LibffiObjectiveCTest.h */ = {isa = PBXFileReference; fileEncoding = 4; lastKnownFileType = sourcecode.c.h; name = LibffiObjectiveCTest.h; path = TestsCode/LibffiObjectiveCTest.h; sourceTree = SOURCE_ROOT; };
		A000D5F32B40701300AECDCF /* LibffiObjectiveCTest.m */ = {isa = PBXFileReference; fileEncoding = 4; lastKnownFileType = sourcecode.c.objc; name = LibffiObjectiveCTest.m; path = TestsCode/LibffiObjectiveCTest.m; sourceTree = SOURCE_ROOT; };
		A000D5F42B40701300AECDCF /* RunTests.swift */ = {isa = PBXFileReference; fileEncoding = 4; lastKnownFileType = sourcecode.swift; name = RunTests.swift; path = TestsCode/RunTests.swift; sourceTree = SOURCE_ROOT; };
		A000D5FC2B40707D00AECDCF /* iOSCocoapodsStaticExample.app */ = {isa = PBXFileReference; explicitFileType = wrapper.application; includeInIndex = 0; path = iOSCocoapodsStaticExample.app; sourceTree = BUILT_PRODUCTS_DIR; };
		A000D5FE2B40707D00AECDCF /* AppDelegate.swift */ = {isa = PBXFileReference; lastKnownFileType = sourcecode.swift; path = AppDelegate.swift; sourceTree = "<group>"; };
		A000D6002B40707D00AECDCF /* SceneDelegate.swift */ = {isa = PBXFileReference; lastKnownFileType = sourcecode.swift; path = SceneDelegate.swift; sourceTree = "<group>"; };
		A000D6022B40707D00AECDCF /* ViewController.swift */ = {isa = PBXFileReference; lastKnownFileType = sourcecode.swift; path = ViewController.swift; sourceTree = "<group>"; };
		A000D6052B40707D00AECDCF /* Base */ = {isa = PBXFileReference; lastKnownFileType = file.storyboard; name = Base; path = Base.lproj/Main.storyboard; sourceTree = "<group>"; };
		A000D6072B40707E00AECDCF /* Assets.xcassets */ = {isa = PBXFileReference; lastKnownFileType = folder.assetcatalog; path = Assets.xcassets; sourceTree = "<group>"; };
		A000D60A2B40707E00AECDCF /* Base */ = {isa = PBXFileReference; lastKnownFileType = file.storyboard; name = Base; path = Base.lproj/LaunchScreen.storyboard; sourceTree = "<group>"; };
		A000D60C2B40707E00AECDCF /* Info.plist */ = {isa = PBXFileReference; lastKnownFileType = text.plist.xml; path = Info.plist; sourceTree = "<group>"; };
		A000D6102B40709400AECDCF /* iOSCocoapodsStaticExample-Bridging-Header.h */ = {isa = PBXFileReference; lastKnownFileType = sourcecode.c.h; path = "iOSCocoapodsStaticExample-Bridging-Header.h"; sourceTree = "<group>"; };
		A000D6112B40709400AECDCF /* LibffiObjectiveCTest.h */ = {isa = PBXFileReference; fileEncoding = 4; lastKnownFileType = sourcecode.c.h; name = LibffiObjectiveCTest.h; path = TestsCode/LibffiObjectiveCTest.h; sourceTree = SOURCE_ROOT; };
		A000D6122B40709400AECDCF /* RunTests.swift */ = {isa = PBXFileReference; fileEncoding = 4; lastKnownFileType = sourcecode.swift; name = RunTests.swift; path = TestsCode/RunTests.swift; sourceTree = SOURCE_ROOT; };
		A000D6132B40709400AECDCF /* LibffiObjectiveCTest.m */ = {isa = PBXFileReference; fileEncoding = 4; lastKnownFileType = sourcecode.c.objc; name = LibffiObjectiveCTest.m; path = TestsCode/LibffiObjectiveCTest.m; sourceTree = SOURCE_ROOT; };
		A000D6142B40709400AECDCF /* LibffiSwiftTest.swift */ = {isa = PBXFileReference; fileEncoding = 4; lastKnownFileType = sourcecode.swift; name = LibffiSwiftTest.swift; path = TestsCode/LibffiSwiftTest.swift; sourceTree = SOURCE_ROOT; };
		A000D61C2B40714200AECDCF /* MacCocoapodsDynamicExample.app */ = {isa = PBXFileReference; explicitFileType = wrapper.application; includeInIndex = 0; path = MacCocoapodsDynamicExample.app; sourceTree = BUILT_PRODUCTS_DIR; };
		A000D61E2B40714200AECDCF /* AppDelegate.swift */ = {isa = PBXFileReference; lastKnownFileType = sourcecode.swift; path = AppDelegate.swift; sourceTree = "<group>"; };
		A000D6202B40714200AECDCF /* ViewController.swift */ = {isa = PBXFileReference; lastKnownFileType = sourcecode.swift; path = ViewController.swift; sourceTree = "<group>"; };
		A000D6222B40714300AECDCF /* Assets.xcassets */ = {isa = PBXFileReference; lastKnownFileType = folder.assetcatalog; path = Assets.xcassets; sourceTree = "<group>"; };
		A000D6252B40714300AECDCF /* Base */ = {isa = PBXFileReference; lastKnownFileType = file.storyboard; name = Base; path = Base.lproj/Main.storyboard; sourceTree = "<group>"; };
		A000D6272B40714300AECDCF /* MacCocoapodsDynamicExample.entitlements */ = {isa = PBXFileReference; lastKnownFileType = text.plist.entitlements; path = MacCocoapodsDynamicExample.entitlements; sourceTree = "<group>"; };
		A000D62B2B40717300AECDCF /* MacCocoapodsDynamicExample-Bridging-Header.h */ = {isa = PBXFileReference; lastKnownFileType = sourcecode.c.h; path = "MacCocoapodsDynamicExample-Bridging-Header.h"; sourceTree = "<group>"; };
		A000D62C2B40717300AECDCF /* LibffiObjectiveCTest.m */ = {isa = PBXFileReference; fileEncoding = 4; lastKnownFileType = sourcecode.c.objc; name = LibffiObjectiveCTest.m; path = TestsCode/LibffiObjectiveCTest.m; sourceTree = SOURCE_ROOT; };
		A000D62D2B40717300AECDCF /* LibffiSwiftTest.swift */ = {isa = PBXFileReference; fileEncoding = 4; lastKnownFileType = sourcecode.swift; name = LibffiSwiftTest.swift; path = TestsCode/LibffiSwiftTest.swift; sourceTree = SOURCE_ROOT; };
		A000D62E2B40717300AECDCF /* LibffiObjectiveCTest.h */ = {isa = PBXFileReference; fileEncoding = 4; lastKnownFileType = sourcecode.c.h; name = LibffiObjectiveCTest.h; path = TestsCode/LibffiObjectiveCTest.h; sourceTree = SOURCE_ROOT; };
		A000D62F2B40717300AECDCF /* RunTests.swift */ = {isa = PBXFileReference; fileEncoding = 4; lastKnownFileType = sourcecode.swift; name = RunTests.swift; path = TestsCode/RunTests.swift; sourceTree = SOURCE_ROOT; };
		A000D6372B40720300AECDCF /* MacCocoapodsStaticExample.app */ = {isa = PBXFileReference; explicitFileType = wrapper.application; includeInIndex = 0; path = MacCocoapodsStaticExample.app; sourceTree = BUILT_PRODUCTS_DIR; };
		A000D6392B40720300AECDCF /* AppDelegate.swift */ = {isa = PBXFileReference; lastKnownFileType = sourcecode.swift; path = AppDelegate.swift; sourceTree = "<group>"; };
		A000D63B2B40720300AECDCF /* ViewController.swift */ = {isa = PBXFileReference; lastKnownFileType = sourcecode.swift; path = ViewController.swift; sourceTree = "<group>"; };
		A000D63D2B40720400AECDCF /* Assets.xcassets */ = {isa = PBXFileReference; lastKnownFileType = folder.assetcatalog; path = Assets.xcassets; sourceTree = "<group>"; };
		A000D6402B40720400AECDCF /* Base */ = {isa = PBXFileReference; lastKnownFileType = file.storyboard; name = Base; path = Base.lproj/Main.storyboard; sourceTree = "<group>"; };
		A000D6422B40720400AECDCF /* MacCocoapodsStaticExample.entitlements */ = {isa = PBXFileReference; lastKnownFileType = text.plist.entitlements; path = MacCocoapodsStaticExample.entitlements; sourceTree = "<group>"; };
		A000D6462B40722D00AECDCF /* MacCocoapodsStaticExample-Bridging-Header.h */ = {isa = PBXFileReference; lastKnownFileType = sourcecode.c.h; path = "MacCocoapodsStaticExample-Bridging-Header.h"; sourceTree = "<group>"; };
		A000D6472B40722D00AECDCF /* LibffiObjectiveCTest.h */ = {isa = PBXFileReference; fileEncoding = 4; lastKnownFileType = sourcecode.c.h; name = LibffiObjectiveCTest.h; path = TestsCode/LibffiObjectiveCTest.h; sourceTree = SOURCE_ROOT; };
		A000D6482B40722D00AECDCF /* LibffiObjectiveCTest.m */ = {isa = PBXFileReference; fileEncoding = 4; lastKnownFileType = sourcecode.c.objc; name = LibffiObjectiveCTest.m; path = TestsCode/LibffiObjectiveCTest.m; sourceTree = SOURCE_ROOT; };
		A000D6492B40722D00AECDCF /* RunTests.swift */ = {isa = PBXFileReference; fileEncoding = 4; lastKnownFileType = sourcecode.swift; name = RunTests.swift; path = TestsCode/RunTests.swift; sourceTree = SOURCE_ROOT; };
		A000D64A2B40722D00AECDCF /* LibffiSwiftTest.swift */ = {isa = PBXFileReference; fileEncoding = 4; lastKnownFileType = sourcecode.swift; name = LibffiSwiftTest.swift; path = TestsCode/LibffiSwiftTest.swift; sourceTree = SOURCE_ROOT; };
		A000D6522B4072F400AECDCF /* SPMExample.app */ = {isa = PBXFileReference; explicitFileType = wrapper.application; includeInIndex = 0; path = SPMExample.app; sourceTree = BUILT_PRODUCTS_DIR; };
		A000D6542B4072F400AECDCF /* SPMExampleApp.swift */ = {isa = PBXFileReference; lastKnownFileType = sourcecode.swift; path = SPMExampleApp.swift; sourceTree = "<group>"; };
		A000D6562B4072F400AECDCF /* ContentView.swift */ = {isa = PBXFileReference; lastKnownFileType = sourcecode.swift; path = ContentView.swift; sourceTree = "<group>"; };
		A000D6582B4072F500AECDCF /* Assets.xcassets */ = {isa = PBXFileReference; lastKnownFileType = folder.assetcatalog; path = Assets.xcassets; sourceTree = "<group>"; };
		A000D65A2B4072F500AECDCF /* SPMExample.entitlements */ = {isa = PBXFileReference; lastKnownFileType = text.plist.entitlements; path = SPMExample.entitlements; sourceTree = "<group>"; };
		A000D65C2B4072F500AECDCF /* Preview Assets.xcassets */ = {isa = PBXFileReference; lastKnownFileType = folder.assetcatalog; path = "Preview Assets.xcassets"; sourceTree = "<group>"; };
		A000D6612B40730200AECDCF /* SPMExample-Bridging-Header.h */ = {isa = PBXFileReference; lastKnownFileType = sourcecode.c.h; path = "SPMExample-Bridging-Header.h"; sourceTree = "<group>"; };
		A000D6622B40730300AECDCF /* LibffiObjectiveCTest.h */ = {isa = PBXFileReference; fileEncoding = 4; lastKnownFileType = sourcecode.c.h; name = LibffiObjectiveCTest.h; path = TestsCode/LibffiObjectiveCTest.h; sourceTree = SOURCE_ROOT; };
		A000D6632B40730300AECDCF /* LibffiSwiftTest.swift */ = {isa = PBXFileReference; fileEncoding = 4; lastKnownFileType = sourcecode.swift; name = LibffiSwiftTest.swift; path = TestsCode/LibffiSwiftTest.swift; sourceTree = SOURCE_ROOT; };
		A000D6642B40730300AECDCF /* RunTests.swift */ = {isa = PBXFileReference; fileEncoding = 4; lastKnownFileType = sourcecode.swift; name = RunTests.swift; path = TestsCode/RunTests.swift; sourceTree = SOURCE_ROOT; };
		A000D6652B40730300AECDCF /* LibffiObjectiveCTest.m */ = {isa = PBXFileReference; fileEncoding = 4; lastKnownFileType = sourcecode.c.objc; name = LibffiObjectiveCTest.m; path = TestsCode/LibffiObjectiveCTest.m; sourceTree = SOURCE_ROOT; };
		B0EC95D12E4FD7C6876C657C /* Pods-iOSCocoapodsStaticExample.release.xcconfig */ = {isa = PBXFileReference; includeInIndex = 1; lastKnownFileType = text.xcconfig; name = "Pods-iOSCocoapodsStaticExample.release.xcconfig"; path = "Target Support Files/Pods-iOSCocoapodsStaticExample/Pods-iOSCocoapodsStaticExample.release.xcconfig"; sourceTree = "<group>"; };
		C92A9FAD6439D931657E2192 /* Pods-iOSCocoapodsDynamicExample.release.xcconfig */ = {isa = PBXFileReference; includeInIndex = 1; lastKnownFileType = text.xcconfig; name = "Pods-iOSCocoapodsDynamicExample.release.xcconfig"; path = "Target Support Files/Pods-iOSCocoapodsDynamicExample/Pods-iOSCocoapodsDynamicExample.release.xcconfig"; sourceTree = "<group>"; };
		D276C13FFCDBA9B827D21A98 /* Pods_iOSCocoapodsDynamicExample.framework */ = {isa = PBXFileReference; explicitFileType = wrapper.framework; includeInIndex = 0; path = Pods_iOSCocoapodsDynamicExample.framework; sourceTree = BUILT_PRODUCTS_DIR; };
		EBDB6BD97A877FCE476E8EB7 /* Pods-MacCocoapodsDynamicExample.release.xcconfig */ = {isa = PBXFileReference; includeInIndex = 1; lastKnownFileType = text.xcconfig; name = "Pods-MacCocoapodsDynamicExample.release.xcconfig"; path = "Target Support Files/Pods-MacCocoapodsDynamicExample/Pods-MacCocoapodsDynamicExample.release.xcconfig"; sourceTree = "<group>"; };
		FB46476BDC9F465F817CC528 /* Pods-CocoapodsDynamicExample.release.xcconfig */ = {isa = PBXFileReference; includeInIndex = 1; lastKnownFileType = text.xcconfig; name = "Pods-CocoapodsDynamicExample.release.xcconfig"; path = "Target Support Files/Pods-CocoapodsDynamicExample/Pods-CocoapodsDynamicExample.release.xcconfig"; sourceTree = "<group>"; };
		FD987472B2115D63305B46D4 /* libPods-CocoapodsDynamicExample.a */ = {isa = PBXFileReference; explicitFileType = archive.ar; includeInIndex = 0; path = "libPods-CocoapodsDynamicExample.a"; sourceTree = BUILT_PRODUCTS_DIR; };
/* End PBXFileReference section */

/* Begin PBXFrameworksBuildPhase section */
		A000D5D92B406FEA00AECDCF /* Frameworks */ = {
			isa = PBXFrameworksBuildPhase;
			buildActionMask = 2147483647;
			files = (
				E0769F7ED831A93EA32B980D /* Pods_iOSCocoapodsDynamicExample.framework in Frameworks */,
			);
			runOnlyForDeploymentPostprocessing = 0;
		};
		A000D5F92B40707D00AECDCF /* Frameworks */ = {
			isa = PBXFrameworksBuildPhase;
			buildActionMask = 2147483647;
			files = (
				19C5CCAF46680375A19D0621 /* libPods-iOSCocoapodsStaticExample.a in Frameworks */,
			);
			runOnlyForDeploymentPostprocessing = 0;
		};
		A000D6192B40714200AECDCF /* Frameworks */ = {
			isa = PBXFrameworksBuildPhase;
			buildActionMask = 2147483647;
			files = (
				342B339C658BF7E9C8FAD084 /* Pods_MacCocoapodsDynamicExample.framework in Frameworks */,
			);
			runOnlyForDeploymentPostprocessing = 0;
		};
		A000D6342B40720300AECDCF /* Frameworks */ = {
			isa = PBXFrameworksBuildPhase;
			buildActionMask = 2147483647;
			files = (
				2062E29FF72010B5628C963B /* libPods-MacCocoapodsStaticExample.a in Frameworks */,
			);
			runOnlyForDeploymentPostprocessing = 0;
		};
		A000D64F2B4072F400AECDCF /* Frameworks */ = {
			isa = PBXFrameworksBuildPhase;
			buildActionMask = 2147483647;
			files = (
				A09334A92B41518700DA9FA0 /* libffi_apple in Frameworks */,
			);
			runOnlyForDeploymentPostprocessing = 0;
		};
/* End PBXFrameworksBuildPhase section */

/* Begin PBXGroup section */
		362508FAE82655C2C51B3F68 /* Pods */ = {
			isa = PBXGroup;
			children = (
				13027736167421DF745DD11B /* Pods-CocoapodsDynamicExample.debug.xcconfig */,
				FB46476BDC9F465F817CC528 /* Pods-CocoapodsDynamicExample.release.xcconfig */,
				082840EFAFF18001D950448E /* Pods-iOSCocoapodsDynamicExample.debug.xcconfig */,
				C92A9FAD6439D931657E2192 /* Pods-iOSCocoapodsDynamicExample.release.xcconfig */,
				72531A37E5711F8BD80C6439 /* Pods-iOSCocoapodsStaticExample.debug.xcconfig */,
				B0EC95D12E4FD7C6876C657C /* Pods-iOSCocoapodsStaticExample.release.xcconfig */,
				4CA51A16FE691D51A9D70CF3 /* Pods-MacCocoapodsDynamicExample.debug.xcconfig */,
				EBDB6BD97A877FCE476E8EB7 /* Pods-MacCocoapodsDynamicExample.release.xcconfig */,
				4259BA3C4989777515B2898D /* Pods-MacCocoapodsStaticExample.debug.xcconfig */,
				8BA642D9A6F51602FC27421C /* Pods-MacCocoapodsStaticExample.release.xcconfig */,
			);
			path = Pods;
			sourceTree = "<group>";
		};
		410DD041EAC1B99AC22D813E /* Frameworks */ = {
			isa = PBXGroup;
			children = (
				FD987472B2115D63305B46D4 /* libPods-CocoapodsDynamicExample.a */,
				D276C13FFCDBA9B827D21A98 /* Pods_iOSCocoapodsDynamicExample.framework */,
				0F7D40BF31779FFB1386607F /* libPods-iOSCocoapodsStaticExample.a */,
				670E28079687D9B7F907F11B /* Pods_MacCocoapodsDynamicExample.framework */,
				0F012E2ED5AD079252DFF204 /* libPods-MacCocoapodsStaticExample.a */,
			);
			name = Frameworks;
			sourceTree = "<group>";
		};
		A000D5762B4067AD00AECDCF = {
			isa = PBXGroup;
			children = (
				A000D5DD2B406FEA00AECDCF /* iOSCocoapodsDynamicExample */,
				A000D5FD2B40707D00AECDCF /* iOSCocoapodsStaticExample */,
				A000D61D2B40714200AECDCF /* MacCocoapodsDynamicExample */,
				A000D6382B40720300AECDCF /* MacCocoapodsStaticExample */,
				A000D6532B4072F400AECDCF /* SPMExample */,
				A000D5802B4067AD00AECDCF /* Products */,
				362508FAE82655C2C51B3F68 /* Pods */,
				410DD041EAC1B99AC22D813E /* Frameworks */,
			);
			sourceTree = "<group>";
		};
		A000D5802B4067AD00AECDCF /* Products */ = {
			isa = PBXGroup;
			children = (
				A000D5DC2B406FEA00AECDCF /* iOSCocoapodsDynamicExample.app */,
				A000D5FC2B40707D00AECDCF /* iOSCocoapodsStaticExample.app */,
				A000D61C2B40714200AECDCF /* MacCocoapodsDynamicExample.app */,
				A000D6372B40720300AECDCF /* MacCocoapodsStaticExample.app */,
				A000D6522B4072F400AECDCF /* SPMExample.app */,
			);
			name = Products;
			sourceTree = "<group>";
		};
		A000D5DD2B406FEA00AECDCF /* iOSCocoapodsDynamicExample */ = {
			isa = PBXGroup;
			children = (
				A000D5DE2B406FEA00AECDCF /* AppDelegate.swift */,
				A000D5E02B406FEA00AECDCF /* SceneDelegate.swift */,
				A000D5E22B406FEA00AECDCF /* ViewController.swift */,
				A000D5F22B40701300AECDCF /* LibffiObjectiveCTest.h */,
				A000D5F32B40701300AECDCF /* LibffiObjectiveCTest.m */,
				A000D5F12B40701300AECDCF /* LibffiSwiftTest.swift */,
				A000D5F42B40701300AECDCF /* RunTests.swift */,
				A000D5E42B406FEA00AECDCF /* Main.storyboard */,
				A000D5E72B406FEB00AECDCF /* Assets.xcassets */,
				A000D5E92B406FEB00AECDCF /* LaunchScreen.storyboard */,
				A000D5EC2B406FEB00AECDCF /* Info.plist */,
				A000D5F02B40701200AECDCF /* iOSCocoapodsDynamicExample-Bridging-Header.h */,
			);
			path = iOSCocoapodsDynamicExample;
			sourceTree = "<group>";
		};
		A000D5FD2B40707D00AECDCF /* iOSCocoapodsStaticExample */ = {
			isa = PBXGroup;
			children = (
				A000D5FE2B40707D00AECDCF /* AppDelegate.swift */,
				A000D6002B40707D00AECDCF /* SceneDelegate.swift */,
				A000D6022B40707D00AECDCF /* ViewController.swift */,
				A000D6112B40709400AECDCF /* LibffiObjectiveCTest.h */,
				A000D6132B40709400AECDCF /* LibffiObjectiveCTest.m */,
				A000D6142B40709400AECDCF /* LibffiSwiftTest.swift */,
				A000D6122B40709400AECDCF /* RunTests.swift */,
				A000D6042B40707D00AECDCF /* Main.storyboard */,
				A000D6072B40707E00AECDCF /* Assets.xcassets */,
				A000D6092B40707E00AECDCF /* LaunchScreen.storyboard */,
				A000D60C2B40707E00AECDCF /* Info.plist */,
				A000D6102B40709400AECDCF /* iOSCocoapodsStaticExample-Bridging-Header.h */,
			);
			path = iOSCocoapodsStaticExample;
			sourceTree = "<group>";
		};
		A000D61D2B40714200AECDCF /* MacCocoapodsDynamicExample */ = {
			isa = PBXGroup;
			children = (
				A000D61E2B40714200AECDCF /* AppDelegate.swift */,
				A000D6202B40714200AECDCF /* ViewController.swift */,
				A000D62E2B40717300AECDCF /* LibffiObjectiveCTest.h */,
				A000D62C2B40717300AECDCF /* LibffiObjectiveCTest.m */,
				A000D62D2B40717300AECDCF /* LibffiSwiftTest.swift */,
				A000D62F2B40717300AECDCF /* RunTests.swift */,
				A000D6222B40714300AECDCF /* Assets.xcassets */,
				A000D6242B40714300AECDCF /* Main.storyboard */,
				A000D6272B40714300AECDCF /* MacCocoapodsDynamicExample.entitlements */,
				A000D62B2B40717300AECDCF /* MacCocoapodsDynamicExample-Bridging-Header.h */,
			);
			path = MacCocoapodsDynamicExample;
			sourceTree = "<group>";
		};
		A000D6382B40720300AECDCF /* MacCocoapodsStaticExample */ = {
			isa = PBXGroup;
			children = (
				A000D6392B40720300AECDCF /* AppDelegate.swift */,
				A000D63B2B40720300AECDCF /* ViewController.swift */,
				A000D6472B40722D00AECDCF /* LibffiObjectiveCTest.h */,
				A000D6482B40722D00AECDCF /* LibffiObjectiveCTest.m */,
				A000D64A2B40722D00AECDCF /* LibffiSwiftTest.swift */,
				A000D6492B40722D00AECDCF /* RunTests.swift */,
				A000D63D2B40720400AECDCF /* Assets.xcassets */,
				A000D63F2B40720400AECDCF /* Main.storyboard */,
				A000D6422B40720400AECDCF /* MacCocoapodsStaticExample.entitlements */,
				A000D6462B40722D00AECDCF /* MacCocoapodsStaticExample-Bridging-Header.h */,
			);
			path = MacCocoapodsStaticExample;
			sourceTree = "<group>";
		};
		A000D6532B4072F400AECDCF /* SPMExample */ = {
			isa = PBXGroup;
			children = (
				A000D6542B4072F400AECDCF /* SPMExampleApp.swift */,
				A000D6562B4072F400AECDCF /* ContentView.swift */,
				A000D6622B40730300AECDCF /* LibffiObjectiveCTest.h */,
				A000D6652B40730300AECDCF /* LibffiObjectiveCTest.m */,
				A000D6632B40730300AECDCF /* LibffiSwiftTest.swift */,
				A000D6642B40730300AECDCF /* RunTests.swift */,
				A000D6582B4072F500AECDCF /* Assets.xcassets */,
				A000D65A2B4072F500AECDCF /* SPMExample.entitlements */,
				A000D65B2B4072F500AECDCF /* Preview Content */,
				A000D6612B40730200AECDCF /* SPMExample-Bridging-Header.h */,
			);
			path = SPMExample;
			sourceTree = "<group>";
		};
		A000D65B2B4072F500AECDCF /* Preview Content */ = {
			isa = PBXGroup;
			children = (
				A000D65C2B4072F500AECDCF /* Preview Assets.xcassets */,
			);
			path = "Preview Content";
			sourceTree = "<group>";
		};
/* End PBXGroup section */

/* Begin PBXNativeTarget section */
		A000D5DB2B406FEA00AECDCF /* iOSCocoapodsDynamicExample */ = {
			isa = PBXNativeTarget;
			buildConfigurationList = A000D5ED2B406FEB00AECDCF /* Build configuration list for PBXNativeTarget "iOSCocoapodsDynamicExample" */;
			buildPhases = (
				98D411ACE45A54CB40CA61A8 /* [CP] Check Pods Manifest.lock */,
				A000D5D82B406FEA00AECDCF /* Sources */,
				A000D5D92B406FEA00AECDCF /* Frameworks */,
				A000D5DA2B406FEA00AECDCF /* Resources */,
				2434701A558D107A81997FAF /* [CP] Embed Pods Frameworks */,
			);
			buildRules = (
			);
			dependencies = (
			);
			name = iOSCocoapodsDynamicExample;
			productName = iOSCocoapodsDynamicExample;
			productReference = A000D5DC2B406FEA00AECDCF /* iOSCocoapodsDynamicExample.app */;
			productType = "com.apple.product-type.application";
		};
		A000D5FB2B40707D00AECDCF /* iOSCocoapodsStaticExample */ = {
			isa = PBXNativeTarget;
			buildConfigurationList = A000D60D2B40707E00AECDCF /* Build configuration list for PBXNativeTarget "iOSCocoapodsStaticExample" */;
			buildPhases = (
				0FC574D38D43172ED7FFA051 /* [CP] Check Pods Manifest.lock */,
				A000D5F82B40707D00AECDCF /* Sources */,
				A000D5F92B40707D00AECDCF /* Frameworks */,
				A000D5FA2B40707D00AECDCF /* Resources */,
			);
			buildRules = (
			);
			dependencies = (
			);
			name = iOSCocoapodsStaticExample;
			productName = iOSCocoapodsStaticExample;
			productReference = A000D5FC2B40707D00AECDCF /* iOSCocoapodsStaticExample.app */;
			productType = "com.apple.product-type.application";
		};
		A000D61B2B40714200AECDCF /* MacCocoapodsDynamicExample */ = {
			isa = PBXNativeTarget;
			buildConfigurationList = A000D6282B40714300AECDCF /* Build configuration list for PBXNativeTarget "MacCocoapodsDynamicExample" */;
			buildPhases = (
				0B8C0849A9FAC6A423E892D0 /* [CP] Check Pods Manifest.lock */,
				A000D6182B40714200AECDCF /* Sources */,
				A000D6192B40714200AECDCF /* Frameworks */,
				A000D61A2B40714200AECDCF /* Resources */,
				6792530B11CC2081FF668E3F /* [CP] Embed Pods Frameworks */,
			);
			buildRules = (
			);
			dependencies = (
			);
			name = MacCocoapodsDynamicExample;
			productName = MacCocoapodsDynamicExample;
			productReference = A000D61C2B40714200AECDCF /* MacCocoapodsDynamicExample.app */;
			productType = "com.apple.product-type.application";
		};
		A000D6362B40720300AECDCF /* MacCocoapodsStaticExample */ = {
			isa = PBXNativeTarget;
			buildConfigurationList = A000D6432B40720400AECDCF /* Build configuration list for PBXNativeTarget "MacCocoapodsStaticExample" */;
			buildPhases = (
				A07511BEF5E63473B00D23CC /* [CP] Check Pods Manifest.lock */,
				A000D6332B40720300AECDCF /* Sources */,
				A000D6342B40720300AECDCF /* Frameworks */,
				A000D6352B40720300AECDCF /* Resources */,
			);
			buildRules = (
			);
			dependencies = (
			);
			name = MacCocoapodsStaticExample;
			productName = MacCocoapodsStaticExample;
			productReference = A000D6372B40720300AECDCF /* MacCocoapodsStaticExample.app */;
			productType = "com.apple.product-type.application";
		};
		A000D6512B4072F400AECDCF /* SPMExample */ = {
			isa = PBXNativeTarget;
			buildConfigurationList = A000D6602B4072F500AECDCF /* Build configuration list for PBXNativeTarget "SPMExample" */;
			buildPhases = (
				A000D64E2B4072F400AECDCF /* Sources */,
				A000D64F2B4072F400AECDCF /* Frameworks */,
				A000D6502B4072F400AECDCF /* Resources */,
			);
			buildRules = (
			);
			dependencies = (
			);
			name = SPMExample;
			packageProductDependencies = (
				A09334A82B41518700DA9FA0 /* libffi_apple */,
			);
			productName = SPMExample;
			productReference = A000D6522B4072F400AECDCF /* SPMExample.app */;
			productType = "com.apple.product-type.application";
		};
/* End PBXNativeTarget section */

/* Begin PBXProject section */
		A000D5772B4067AD00AECDCF /* Project object */ = {
			isa = PBXProject;
			attributes = {
				BuildIndependentTargetsInParallel = 1;
				LastSwiftUpdateCheck = 1510;
				LastUpgradeCheck = 1510;
				TargetAttributes = {
					A000D5DB2B406FEA00AECDCF = {
						CreatedOnToolsVersion = 15.1;
						LastSwiftMigration = 1510;
					};
					A000D5FB2B40707D00AECDCF = {
						CreatedOnToolsVersion = 15.1;
						LastSwiftMigration = 1510;
					};
					A000D61B2B40714200AECDCF = {
						CreatedOnToolsVersion = 15.1;
						LastSwiftMigration = 1510;
					};
					A000D6362B40720300AECDCF = {
						CreatedOnToolsVersion = 15.1;
						LastSwiftMigration = 1510;
					};
					A000D6512B4072F400AECDCF = {
						CreatedOnToolsVersion = 15.1;
						LastSwiftMigration = 1510;
					};
				};
			};
			buildConfigurationList = A000D57A2B4067AD00AECDCF /* Build configuration list for PBXProject "Example" */;
			compatibilityVersion = "Xcode 14.0";
			developmentRegion = en;
			hasScannedForEncodings = 0;
			knownRegions = (
				en,
				Base,
			);
			mainGroup = A000D5762B4067AD00AECDCF;
			packageReferences = (
				A09334A72B41518700DA9FA0 /* XCLocalSwiftPackageReference ".." */,
			);
			productRefGroup = A000D5802B4067AD00AECDCF /* Products */;
			projectDirPath = "";
			projectRoot = "";
			targets = (
				A000D5DB2B406FEA00AECDCF /* iOSCocoapodsDynamicExample */,
				A000D5FB2B40707D00AECDCF /* iOSCocoapodsStaticExample */,
				A000D61B2B40714200AECDCF /* MacCocoapodsDynamicExample */,
				A000D6362B40720300AECDCF /* MacCocoapodsStaticExample */,
				A000D6512B4072F400AECDCF /* SPMExample */,
			);
		};
/* End PBXProject section */

/* Begin PBXResourcesBuildPhase section */
		A000D5DA2B406FEA00AECDCF /* Resources */ = {
			isa = PBXResourcesBuildPhase;
			buildActionMask = 2147483647;
			files = (
				A000D5EB2B406FEB00AECDCF /* LaunchScreen.storyboard in Resources */,
				A000D5E82B406FEB00AECDCF /* Assets.xcassets in Resources */,
				A000D5E62B406FEA00AECDCF /* Main.storyboard in Resources */,
			);
			runOnlyForDeploymentPostprocessing = 0;
		};
		A000D5FA2B40707D00AECDCF /* Resources */ = {
			isa = PBXResourcesBuildPhase;
			buildActionMask = 2147483647;
			files = (
				A000D60B2B40707E00AECDCF /* LaunchScreen.storyboard in Resources */,
				A000D6082B40707E00AECDCF /* Assets.xcassets in Resources */,
				A000D6062B40707D00AECDCF /* Main.storyboard in Resources */,
			);
			runOnlyForDeploymentPostprocessing = 0;
		};
		A000D61A2B40714200AECDCF /* Resources */ = {
			isa = PBXResourcesBuildPhase;
			buildActionMask = 2147483647;
			files = (
				A000D6232B40714300AECDCF /* Assets.xcassets in Resources */,
				A000D6262B40714300AECDCF /* Main.storyboard in Resources */,
			);
			runOnlyForDeploymentPostprocessing = 0;
		};
		A000D6352B40720300AECDCF /* Resources */ = {
			isa = PBXResourcesBuildPhase;
			buildActionMask = 2147483647;
			files = (
				A000D63E2B40720400AECDCF /* Assets.xcassets in Resources */,
				A000D6412B40720400AECDCF /* Main.storyboard in Resources */,
			);
			runOnlyForDeploymentPostprocessing = 0;
		};
		A000D6502B4072F400AECDCF /* Resources */ = {
			isa = PBXResourcesBuildPhase;
			buildActionMask = 2147483647;
			files = (
				A000D65D2B4072F500AECDCF /* Preview Assets.xcassets in Resources */,
				A000D6592B4072F500AECDCF /* Assets.xcassets in Resources */,
			);
			runOnlyForDeploymentPostprocessing = 0;
		};
/* End PBXResourcesBuildPhase section */

/* Begin PBXShellScriptBuildPhase section */
		0B8C0849A9FAC6A423E892D0 /* [CP] Check Pods Manifest.lock */ = {
			isa = PBXShellScriptBuildPhase;
			buildActionMask = 2147483647;
			files = (
			);
			inputFileListPaths = (
			);
			inputPaths = (
				"${PODS_PODFILE_DIR_PATH}/Podfile.lock",
				"${PODS_ROOT}/Manifest.lock",
			);
			name = "[CP] Check Pods Manifest.lock";
			outputFileListPaths = (
			);
			outputPaths = (
				"$(DERIVED_FILE_DIR)/Pods-MacCocoapodsDynamicExample-checkManifestLockResult.txt",
			);
			runOnlyForDeploymentPostprocessing = 0;
			shellPath = /bin/sh;
			shellScript = "diff \"${PODS_PODFILE_DIR_PATH}/Podfile.lock\" \"${PODS_ROOT}/Manifest.lock\" > /dev/null\nif [ $? != 0 ] ; then\n    # print error to STDERR\n    echo \"error: The sandbox is not in sync with the Podfile.lock. Run 'pod install' or update your CocoaPods installation.\" >&2\n    exit 1\nfi\n# This output is used by Xcode 'outputs' to avoid re-running this script phase.\necho \"SUCCESS\" > \"${SCRIPT_OUTPUT_FILE_0}\"\n";
			showEnvVarsInLog = 0;
		};
		0FC574D38D43172ED7FFA051 /* [CP] Check Pods Manifest.lock */ = {
			isa = PBXShellScriptBuildPhase;
			buildActionMask = 2147483647;
			files = (
			);
			inputFileListPaths = (
			);
			inputPaths = (
				"${PODS_PODFILE_DIR_PATH}/Podfile.lock",
				"${PODS_ROOT}/Manifest.lock",
			);
			name = "[CP] Check Pods Manifest.lock";
			outputFileListPaths = (
			);
			outputPaths = (
				"$(DERIVED_FILE_DIR)/Pods-iOSCocoapodsStaticExample-checkManifestLockResult.txt",
			);
			runOnlyForDeploymentPostprocessing = 0;
			shellPath = /bin/sh;
			shellScript = "diff \"${PODS_PODFILE_DIR_PATH}/Podfile.lock\" \"${PODS_ROOT}/Manifest.lock\" > /dev/null\nif [ $? != 0 ] ; then\n    # print error to STDERR\n    echo \"error: The sandbox is not in sync with the Podfile.lock. Run 'pod install' or update your CocoaPods installation.\" >&2\n    exit 1\nfi\n# This output is used by Xcode 'outputs' to avoid re-running this script phase.\necho \"SUCCESS\" > \"${SCRIPT_OUTPUT_FILE_0}\"\n";
			showEnvVarsInLog = 0;
		};
		2434701A558D107A81997FAF /* [CP] Embed Pods Frameworks */ = {
			isa = PBXShellScriptBuildPhase;
			buildActionMask = 2147483647;
			files = (
			);
			inputFileListPaths = (
				"${PODS_ROOT}/Target Support Files/Pods-iOSCocoapodsDynamicExample/Pods-iOSCocoapodsDynamicExample-frameworks-${CONFIGURATION}-input-files.xcfilelist",
			);
			name = "[CP] Embed Pods Frameworks";
			outputFileListPaths = (
				"${PODS_ROOT}/Target Support Files/Pods-iOSCocoapodsDynamicExample/Pods-iOSCocoapodsDynamicExample-frameworks-${CONFIGURATION}-output-files.xcfilelist",
			);
			runOnlyForDeploymentPostprocessing = 0;
			shellPath = /bin/sh;
			shellScript = "\"${PODS_ROOT}/Target Support Files/Pods-iOSCocoapodsDynamicExample/Pods-iOSCocoapodsDynamicExample-frameworks.sh\"\n";
			showEnvVarsInLog = 0;
		};
		6792530B11CC2081FF668E3F /* [CP] Embed Pods Frameworks */ = {
			isa = PBXShellScriptBuildPhase;
			buildActionMask = 2147483647;
			files = (
			);
			inputFileListPaths = (
				"${PODS_ROOT}/Target Support Files/Pods-MacCocoapodsDynamicExample/Pods-MacCocoapodsDynamicExample-frameworks-${CONFIGURATION}-input-files.xcfilelist",
			);
			name = "[CP] Embed Pods Frameworks";
			outputFileListPaths = (
				"${PODS_ROOT}/Target Support Files/Pods-MacCocoapodsDynamicExample/Pods-MacCocoapodsDynamicExample-frameworks-${CONFIGURATION}-output-files.xcfilelist",
			);
			runOnlyForDeploymentPostprocessing = 0;
			shellPath = /bin/sh;
			shellScript = "\"${PODS_ROOT}/Target Support Files/Pods-MacCocoapodsDynamicExample/Pods-MacCocoapodsDynamicExample-frameworks.sh\"\n";
			showEnvVarsInLog = 0;
		};
		98D411ACE45A54CB40CA61A8 /* [CP] Check Pods Manifest.lock */ = {
			isa = PBXShellScriptBuildPhase;
			buildActionMask = 2147483647;
			files = (
			);
			inputFileListPaths = (
			);
			inputPaths = (
				"${PODS_PODFILE_DIR_PATH}/Podfile.lock",
				"${PODS_ROOT}/Manifest.lock",
			);
			name = "[CP] Check Pods Manifest.lock";
			outputFileListPaths = (
			);
			outputPaths = (
				"$(DERIVED_FILE_DIR)/Pods-iOSCocoapodsDynamicExample-checkManifestLockResult.txt",
			);
			runOnlyForDeploymentPostprocessing = 0;
			shellPath = /bin/sh;
			shellScript = "diff \"${PODS_PODFILE_DIR_PATH}/Podfile.lock\" \"${PODS_ROOT}/Manifest.lock\" > /dev/null\nif [ $? != 0 ] ; then\n    # print error to STDERR\n    echo \"error: The sandbox is not in sync with the Podfile.lock. Run 'pod install' or update your CocoaPods installation.\" >&2\n    exit 1\nfi\n# This output is used by Xcode 'outputs' to avoid re-running this script phase.\necho \"SUCCESS\" > \"${SCRIPT_OUTPUT_FILE_0}\"\n";
			showEnvVarsInLog = 0;
		};
		A07511BEF5E63473B00D23CC /* [CP] Check Pods Manifest.lock */ = {
			isa = PBXShellScriptBuildPhase;
			buildActionMask = 2147483647;
			files = (
			);
			inputFileListPaths = (
			);
			inputPaths = (
				"${PODS_PODFILE_DIR_PATH}/Podfile.lock",
				"${PODS_ROOT}/Manifest.lock",
			);
			name = "[CP] Check Pods Manifest.lock";
			outputFileListPaths = (
			);
			outputPaths = (
				"$(DERIVED_FILE_DIR)/Pods-MacCocoapodsStaticExample-checkManifestLockResult.txt",
			);
			runOnlyForDeploymentPostprocessing = 0;
			shellPath = /bin/sh;
			shellScript = "diff \"${PODS_PODFILE_DIR_PATH}/Podfile.lock\" \"${PODS_ROOT}/Manifest.lock\" > /dev/null\nif [ $? != 0 ] ; then\n    # print error to STDERR\n    echo \"error: The sandbox is not in sync with the Podfile.lock. Run 'pod install' or update your CocoaPods installation.\" >&2\n    exit 1\nfi\n# This output is used by Xcode 'outputs' to avoid re-running this script phase.\necho \"SUCCESS\" > \"${SCRIPT_OUTPUT_FILE_0}\"\n";
			showEnvVarsInLog = 0;
		};
/* End PBXShellScriptBuildPhase section */

/* Begin PBXSourcesBuildPhase section */
		A000D5D82B406FEA00AECDCF /* Sources */ = {
			isa = PBXSourcesBuildPhase;
			buildActionMask = 2147483647;
			files = (
				A000D5F62B40701300AECDCF /* LibffiObjectiveCTest.m in Sources */,
				A000D5F72B40701300AECDCF /* RunTests.swift in Sources */,
				A000D5E32B406FEA00AECDCF /* ViewController.swift in Sources */,
				A000D5F52B40701300AECDCF /* LibffiSwiftTest.swift in Sources */,
				A000D5DF2B406FEA00AECDCF /* AppDelegate.swift in Sources */,
				A000D5E12B406FEA00AECDCF /* SceneDelegate.swift in Sources */,
			);
			runOnlyForDeploymentPostprocessing = 0;
		};
		A000D5F82B40707D00AECDCF /* Sources */ = {
			isa = PBXSourcesBuildPhase;
			buildActionMask = 2147483647;
			files = (
				A000D6162B40709400AECDCF /* LibffiObjectiveCTest.m in Sources */,
				A000D6032B40707D00AECDCF /* ViewController.swift in Sources */,
				A000D6152B40709400AECDCF /* RunTests.swift in Sources */,
				A000D6172B40709400AECDCF /* LibffiSwiftTest.swift in Sources */,
				A000D5FF2B40707D00AECDCF /* AppDelegate.swift in Sources */,
				A000D6012B40707D00AECDCF /* SceneDelegate.swift in Sources */,
			);
			runOnlyForDeploymentPostprocessing = 0;
		};
		A000D6182B40714200AECDCF /* Sources */ = {
			isa = PBXSourcesBuildPhase;
			buildActionMask = 2147483647;
			files = (
				A000D6302B40717300AECDCF /* LibffiObjectiveCTest.m in Sources */,
				A000D6312B40717300AECDCF /* LibffiSwiftTest.swift in Sources */,
				A000D6212B40714200AECDCF /* ViewController.swift in Sources */,
				A000D6322B40717300AECDCF /* RunTests.swift in Sources */,
				A000D61F2B40714200AECDCF /* AppDelegate.swift in Sources */,
			);
			runOnlyForDeploymentPostprocessing = 0;
		};
		A000D6332B40720300AECDCF /* Sources */ = {
			isa = PBXSourcesBuildPhase;
			buildActionMask = 2147483647;
			files = (
				A000D64B2B40722D00AECDCF /* LibffiObjectiveCTest.m in Sources */,
				A000D64D2B40722D00AECDCF /* LibffiSwiftTest.swift in Sources */,
				A000D64C2B40722D00AECDCF /* RunTests.swift in Sources */,
				A000D63C2B40720300AECDCF /* ViewController.swift in Sources */,
				A000D63A2B40720300AECDCF /* AppDelegate.swift in Sources */,
			);
			runOnlyForDeploymentPostprocessing = 0;
		};
		A000D64E2B4072F400AECDCF /* Sources */ = {
			isa = PBXSourcesBuildPhase;
			buildActionMask = 2147483647;
			files = (
				A000D6682B40730300AECDCF /* LibffiObjectiveCTest.m in Sources */,
				A000D6662B40730300AECDCF /* LibffiSwiftTest.swift in Sources */,
				A000D6672B40730300AECDCF /* RunTests.swift in Sources */,
				A000D6572B4072F400AECDCF /* ContentView.swift in Sources */,
				A000D6552B4072F400AECDCF /* SPMExampleApp.swift in Sources */,
			);
			runOnlyForDeploymentPostprocessing = 0;
		};
/* End PBXSourcesBuildPhase section */

/* Begin PBXVariantGroup section */
		A000D5E42B406FEA00AECDCF /* Main.storyboard */ = {
			isa = PBXVariantGroup;
			children = (
				A000D5E52B406FEA00AECDCF /* Base */,
			);
			name = Main.storyboard;
			sourceTree = "<group>";
		};
		A000D5E92B406FEB00AECDCF /* LaunchScreen.storyboard */ = {
			isa = PBXVariantGroup;
			children = (
				A000D5EA2B406FEB00AECDCF /* Base */,
			);
			name = LaunchScreen.storyboard;
			sourceTree = "<group>";
		};
		A000D6042B40707D00AECDCF /* Main.storyboard */ = {
			isa = PBXVariantGroup;
			children = (
				A000D6052B40707D00AECDCF /* Base */,
			);
			name = Main.storyboard;
			sourceTree = "<group>";
		};
		A000D6092B40707E00AECDCF /* LaunchScreen.storyboard */ = {
			isa = PBXVariantGroup;
			children = (
				A000D60A2B40707E00AECDCF /* Base */,
			);
			name = LaunchScreen.storyboard;
			sourceTree = "<group>";
		};
		A000D6242B40714300AECDCF /* Main.storyboard */ = {
			isa = PBXVariantGroup;
			children = (
				A000D6252B40714300AECDCF /* Base */,
			);
			name = Main.storyboard;
			sourceTree = "<group>";
		};
		A000D63F2B40720400AECDCF /* Main.storyboard */ = {
			isa = PBXVariantGroup;
			children = (
				A000D6402B40720400AECDCF /* Base */,
			);
			name = Main.storyboard;
			sourceTree = "<group>";
		};
/* End PBXVariantGroup section */

/* Begin XCBuildConfiguration section */
		A000D58C2B4067AE00AECDCF /* Debug */ = {
			isa = XCBuildConfiguration;
			buildSettings = {
				ALWAYS_SEARCH_USER_PATHS = NO;
				ASSETCATALOG_COMPILER_GENERATE_SWIFT_ASSET_SYMBOL_EXTENSIONS = YES;
				CLANG_ANALYZER_NONNULL = YES;
				CLANG_ANALYZER_NUMBER_OBJECT_CONVERSION = YES_AGGRESSIVE;
				CLANG_CXX_LANGUAGE_STANDARD = "gnu++20";
				CLANG_ENABLE_MODULES = YES;
				CLANG_ENABLE_OBJC_ARC = YES;
				CLANG_ENABLE_OBJC_WEAK = YES;
				CLANG_WARN_BLOCK_CAPTURE_AUTORELEASING = YES;
				CLANG_WARN_BOOL_CONVERSION = YES;
				CLANG_WARN_COMMA = YES;
				CLANG_WARN_CONSTANT_CONVERSION = YES;
				CLANG_WARN_DEPRECATED_OBJC_IMPLEMENTATIONS = YES;
				CLANG_WARN_DIRECT_OBJC_ISA_USAGE = YES_ERROR;
				CLANG_WARN_DOCUMENTATION_COMMENTS = YES;
				CLANG_WARN_EMPTY_BODY = YES;
				CLANG_WARN_ENUM_CONVERSION = YES;
				CLANG_WARN_INFINITE_RECURSION = YES;
				CLANG_WARN_INT_CONVERSION = YES;
				CLANG_WARN_NON_LITERAL_NULL_CONVERSION = YES;
				CLANG_WARN_OBJC_IMPLICIT_RETAIN_SELF = YES;
				CLANG_WARN_OBJC_LITERAL_CONVERSION = YES;
				CLANG_WARN_OBJC_ROOT_CLASS = YES_ERROR;
				CLANG_WARN_QUOTED_INCLUDE_IN_FRAMEWORK_HEADER = YES;
				CLANG_WARN_RANGE_LOOP_ANALYSIS = YES;
				CLANG_WARN_STRICT_PROTOTYPES = YES;
				CLANG_WARN_SUSPICIOUS_MOVE = YES;
				CLANG_WARN_UNGUARDED_AVAILABILITY = YES_AGGRESSIVE;
				CLANG_WARN_UNREACHABLE_CODE = YES;
				CLANG_WARN__DUPLICATE_METHOD_MATCH = YES;
				COPY_PHASE_STRIP = NO;
				DEBUG_INFORMATION_FORMAT = dwarf;
				ENABLE_STRICT_OBJC_MSGSEND = YES;
				ENABLE_TESTABILITY = YES;
				ENABLE_USER_SCRIPT_SANDBOXING = NO;
				GCC_C_LANGUAGE_STANDARD = gnu17;
				GCC_DYNAMIC_NO_PIC = NO;
				GCC_NO_COMMON_BLOCKS = YES;
				GCC_OPTIMIZATION_LEVEL = 0;
				GCC_PREPROCESSOR_DEFINITIONS = (
					"DEBUG=1",
					"$(inherited)",
				);
				GCC_WARN_64_TO_32_BIT_CONVERSION = YES;
				GCC_WARN_ABOUT_RETURN_TYPE = YES_ERROR;
				GCC_WARN_UNDECLARED_SELECTOR = YES;
				GCC_WARN_UNINITIALIZED_AUTOS = YES_AGGRESSIVE;
				GCC_WARN_UNUSED_FUNCTION = YES;
				GCC_WARN_UNUSED_VARIABLE = YES;
				IPHONEOS_DEPLOYMENT_TARGET = 13.0;
				LOCALIZATION_PREFERS_STRING_CATALOGS = YES;
				MACOSX_DEPLOYMENT_TARGET = 10.13;
				MTL_ENABLE_DEBUG_INFO = INCLUDE_SOURCE;
				MTL_FAST_MATH = YES;
				ONLY_ACTIVE_ARCH = YES;
				SWIFT_ACTIVE_COMPILATION_CONDITIONS = "DEBUG $(inherited)";
				SWIFT_OPTIMIZATION_LEVEL = "-Onone";
			};
			name = Debug;
		};
		A000D58D2B4067AE00AECDCF /* Release */ = {
			isa = XCBuildConfiguration;
			buildSettings = {
				ALWAYS_SEARCH_USER_PATHS = NO;
				ASSETCATALOG_COMPILER_GENERATE_SWIFT_ASSET_SYMBOL_EXTENSIONS = YES;
				CLANG_ANALYZER_NONNULL = YES;
				CLANG_ANALYZER_NUMBER_OBJECT_CONVERSION = YES_AGGRESSIVE;
				CLANG_CXX_LANGUAGE_STANDARD = "gnu++20";
				CLANG_ENABLE_MODULES = YES;
				CLANG_ENABLE_OBJC_ARC = YES;
				CLANG_ENABLE_OBJC_WEAK = YES;
				CLANG_WARN_BLOCK_CAPTURE_AUTORELEASING = YES;
				CLANG_WARN_BOOL_CONVERSION = YES;
				CLANG_WARN_COMMA = YES;
				CLANG_WARN_CONSTANT_CONVERSION = YES;
				CLANG_WARN_DEPRECATED_OBJC_IMPLEMENTATIONS = YES;
				CLANG_WARN_DIRECT_OBJC_ISA_USAGE = YES_ERROR;
				CLANG_WARN_DOCUMENTATION_COMMENTS = YES;
				CLANG_WARN_EMPTY_BODY = YES;
				CLANG_WARN_ENUM_CONVERSION = YES;
				CLANG_WARN_INFINITE_RECURSION = YES;
				CLANG_WARN_INT_CONVERSION = YES;
				CLANG_WARN_NON_LITERAL_NULL_CONVERSION = YES;
				CLANG_WARN_OBJC_IMPLICIT_RETAIN_SELF = YES;
				CLANG_WARN_OBJC_LITERAL_CONVERSION = YES;
				CLANG_WARN_OBJC_ROOT_CLASS = YES_ERROR;
				CLANG_WARN_QUOTED_INCLUDE_IN_FRAMEWORK_HEADER = YES;
				CLANG_WARN_RANGE_LOOP_ANALYSIS = YES;
				CLANG_WARN_STRICT_PROTOTYPES = YES;
				CLANG_WARN_SUSPICIOUS_MOVE = YES;
				CLANG_WARN_UNGUARDED_AVAILABILITY = YES_AGGRESSIVE;
				CLANG_WARN_UNREACHABLE_CODE = YES;
				CLANG_WARN__DUPLICATE_METHOD_MATCH = YES;
				COPY_PHASE_STRIP = NO;
				DEBUG_INFORMATION_FORMAT = "dwarf-with-dsym";
				ENABLE_NS_ASSERTIONS = NO;
				ENABLE_STRICT_OBJC_MSGSEND = YES;
				ENABLE_USER_SCRIPT_SANDBOXING = NO;
				GCC_C_LANGUAGE_STANDARD = gnu17;
				GCC_NO_COMMON_BLOCKS = YES;
				GCC_WARN_64_TO_32_BIT_CONVERSION = YES;
				GCC_WARN_ABOUT_RETURN_TYPE = YES_ERROR;
				GCC_WARN_UNDECLARED_SELECTOR = YES;
				GCC_WARN_UNINITIALIZED_AUTOS = YES_AGGRESSIVE;
				GCC_WARN_UNUSED_FUNCTION = YES;
				GCC_WARN_UNUSED_VARIABLE = YES;
				IPHONEOS_DEPLOYMENT_TARGET = 13.0;
				LOCALIZATION_PREFERS_STRING_CATALOGS = YES;
				MACOSX_DEPLOYMENT_TARGET = 10.13;
				MTL_ENABLE_DEBUG_INFO = NO;
				MTL_FAST_MATH = YES;
				SWIFT_COMPILATION_MODE = wholemodule;
			};
			name = Release;
		};
		A000D5EE2B406FEB00AECDCF /* Debug */ = {
			isa = XCBuildConfiguration;
			baseConfigurationReference = 082840EFAFF18001D950448E /* Pods-iOSCocoapodsDynamicExample.debug.xcconfig */;
			buildSettings = {
				ASSETCATALOG_COMPILER_APPICON_NAME = AppIcon;
				ASSETCATALOG_COMPILER_GLOBAL_ACCENT_COLOR_NAME = AccentColor;
				CLANG_ENABLE_MODULES = YES;
				CODE_SIGN_STYLE = Automatic;
				CURRENT_PROJECT_VERSION = 1;
				DEVELOPMENT_TEAM = ZQ7TZ3Q272;
				GENERATE_INFOPLIST_FILE = YES;
				INFOPLIST_FILE = iOSCocoapodsDynamicExample/Info.plist;
				INFOPLIST_KEY_UIApplicationSupportsIndirectInputEvents = YES;
				INFOPLIST_KEY_UILaunchStoryboardName = LaunchScreen;
				INFOPLIST_KEY_UIMainStoryboardFile = Main;
				INFOPLIST_KEY_UISupportedInterfaceOrientations_iPad = "UIInterfaceOrientationPortrait UIInterfaceOrientationPortraitUpsideDown UIInterfaceOrientationLandscapeLeft UIInterfaceOrientationLandscapeRight";
				INFOPLIST_KEY_UISupportedInterfaceOrientations_iPhone = "UIInterfaceOrientationPortrait UIInterfaceOrientationLandscapeLeft UIInterfaceOrientationLandscapeRight";
				LD_RUNPATH_SEARCH_PATHS = (
					"$(inherited)",
					"@executable_path/Frameworks",
				);
				MARKETING_VERSION = 1.0;
				PRODUCT_BUNDLE_IDENTIFIER = com.yanni.iOSCocoapodsDynamicExample;
				PRODUCT_NAME = "$(TARGET_NAME)";
				SDKROOT = iphoneos;
				SWIFT_EMIT_LOC_STRINGS = YES;
				SWIFT_OBJC_BRIDGING_HEADER = "iOSCocoapodsDynamicExample/iOSCocoapodsDynamicExample-Bridging-Header.h";
				SWIFT_OPTIMIZATION_LEVEL = "-Onone";
				SWIFT_VERSION = 5.0;
				TARGETED_DEVICE_FAMILY = "1,2";
			};
			name = Debug;
		};
		A000D5EF2B406FEB00AECDCF /* Release */ = {
			isa = XCBuildConfiguration;
			baseConfigurationReference = C92A9FAD6439D931657E2192 /* Pods-iOSCocoapodsDynamicExample.release.xcconfig */;
			buildSettings = {
				ASSETCATALOG_COMPILER_APPICON_NAME = AppIcon;
				ASSETCATALOG_COMPILER_GLOBAL_ACCENT_COLOR_NAME = AccentColor;
				CLANG_ENABLE_MODULES = YES;
				CODE_SIGN_STYLE = Automatic;
				CURRENT_PROJECT_VERSION = 1;
				DEVELOPMENT_TEAM = ZQ7TZ3Q272;
				GENERATE_INFOPLIST_FILE = YES;
				INFOPLIST_FILE = iOSCocoapodsDynamicExample/Info.plist;
				INFOPLIST_KEY_UIApplicationSupportsIndirectInputEvents = YES;
				INFOPLIST_KEY_UILaunchStoryboardName = LaunchScreen;
				INFOPLIST_KEY_UIMainStoryboardFile = Main;
				INFOPLIST_KEY_UISupportedInterfaceOrientations_iPad = "UIInterfaceOrientationPortrait UIInterfaceOrientationPortraitUpsideDown UIInterfaceOrientationLandscapeLeft UIInterfaceOrientationLandscapeRight";
				INFOPLIST_KEY_UISupportedInterfaceOrientations_iPhone = "UIInterfaceOrientationPortrait UIInterfaceOrientationLandscapeLeft UIInterfaceOrientationLandscapeRight";
				LD_RUNPATH_SEARCH_PATHS = (
					"$(inherited)",
					"@executable_path/Frameworks",
				);
				MARKETING_VERSION = 1.0;
				PRODUCT_BUNDLE_IDENTIFIER = com.yanni.iOSCocoapodsDynamicExample;
				PRODUCT_NAME = "$(TARGET_NAME)";
				SDKROOT = iphoneos;
				SWIFT_EMIT_LOC_STRINGS = YES;
				SWIFT_OBJC_BRIDGING_HEADER = "iOSCocoapodsDynamicExample/iOSCocoapodsDynamicExample-Bridging-Header.h";
				SWIFT_VERSION = 5.0;
				TARGETED_DEVICE_FAMILY = "1,2";
				VALIDATE_PRODUCT = YES;
			};
			name = Release;
		};
		A000D60E2B40707E00AECDCF /* Debug */ = {
			isa = XCBuildConfiguration;
			baseConfigurationReference = 72531A37E5711F8BD80C6439 /* Pods-iOSCocoapodsStaticExample.debug.xcconfig */;
			buildSettings = {
				ASSETCATALOG_COMPILER_APPICON_NAME = AppIcon;
				ASSETCATALOG_COMPILER_GLOBAL_ACCENT_COLOR_NAME = AccentColor;
				CLANG_ENABLE_MODULES = YES;
				CODE_SIGN_STYLE = Automatic;
				CURRENT_PROJECT_VERSION = 1;
				DEVELOPMENT_TEAM = ZQ7TZ3Q272;
				GENERATE_INFOPLIST_FILE = YES;
				INFOPLIST_FILE = iOSCocoapodsStaticExample/Info.plist;
				INFOPLIST_KEY_UIApplicationSupportsIndirectInputEvents = YES;
				INFOPLIST_KEY_UILaunchStoryboardName = LaunchScreen;
				INFOPLIST_KEY_UIMainStoryboardFile = Main;
				INFOPLIST_KEY_UISupportedInterfaceOrientations_iPad = "UIInterfaceOrientationPortrait UIInterfaceOrientationPortraitUpsideDown UIInterfaceOrientationLandscapeLeft UIInterfaceOrientationLandscapeRight";
				INFOPLIST_KEY_UISupportedInterfaceOrientations_iPhone = "UIInterfaceOrientationPortrait UIInterfaceOrientationLandscapeLeft UIInterfaceOrientationLandscapeRight";
				LD_RUNPATH_SEARCH_PATHS = (
					"$(inherited)",
					"@executable_path/Frameworks",
				);
				MARKETING_VERSION = 1.0;
				PRODUCT_BUNDLE_IDENTIFIER = com.yanni.iOSCocoapodsStaticExample;
				PRODUCT_NAME = "$(TARGET_NAME)";
				SDKROOT = iphoneos;
				SWIFT_EMIT_LOC_STRINGS = YES;
				SWIFT_OBJC_BRIDGING_HEADER = "iOSCocoapodsStaticExample/iOSCocoapodsStaticExample-Bridging-Header.h";
				SWIFT_OPTIMIZATION_LEVEL = "-Onone";
				SWIFT_VERSION = 5.0;
				TARGETED_DEVICE_FAMILY = "1,2";
			};
			name = Debug;
		};
		A000D60F2B40707E00AECDCF /* Release */ = {
			isa = XCBuildConfiguration;
			baseConfigurationReference = B0EC95D12E4FD7C6876C657C /* Pods-iOSCocoapodsStaticExample.release.xcconfig */;
			buildSettings = {
				ASSETCATALOG_COMPILER_APPICON_NAME = AppIcon;
				ASSETCATALOG_COMPILER_GLOBAL_ACCENT_COLOR_NAME = AccentColor;
				CLANG_ENABLE_MODULES = YES;
				CODE_SIGN_STYLE = Automatic;
				CURRENT_PROJECT_VERSION = 1;
				DEVELOPMENT_TEAM = ZQ7TZ3Q272;
				GENERATE_INFOPLIST_FILE = YES;
				INFOPLIST_FILE = iOSCocoapodsStaticExample/Info.plist;
				INFOPLIST_KEY_UIApplicationSupportsIndirectInputEvents = YES;
				INFOPLIST_KEY_UILaunchStoryboardName = LaunchScreen;
				INFOPLIST_KEY_UIMainStoryboardFile = Main;
				INFOPLIST_KEY_UISupportedInterfaceOrientations_iPad = "UIInterfaceOrientationPortrait UIInterfaceOrientationPortraitUpsideDown UIInterfaceOrientationLandscapeLeft UIInterfaceOrientationLandscapeRight";
				INFOPLIST_KEY_UISupportedInterfaceOrientations_iPhone = "UIInterfaceOrientationPortrait UIInterfaceOrientationLandscapeLeft UIInterfaceOrientationLandscapeRight";
				LD_RUNPATH_SEARCH_PATHS = (
					"$(inherited)",
					"@executable_path/Frameworks",
				);
				MARKETING_VERSION = 1.0;
				PRODUCT_BUNDLE_IDENTIFIER = com.yanni.iOSCocoapodsStaticExample;
				PRODUCT_NAME = "$(TARGET_NAME)";
				SDKROOT = iphoneos;
				SWIFT_EMIT_LOC_STRINGS = YES;
				SWIFT_OBJC_BRIDGING_HEADER = "iOSCocoapodsStaticExample/iOSCocoapodsStaticExample-Bridging-Header.h";
				SWIFT_VERSION = 5.0;
				TARGETED_DEVICE_FAMILY = "1,2";
				VALIDATE_PRODUCT = YES;
			};
			name = Release;
		};
		A000D6292B40714300AECDCF /* Debug */ = {
			isa = XCBuildConfiguration;
			baseConfigurationReference = 4CA51A16FE691D51A9D70CF3 /* Pods-MacCocoapodsDynamicExample.debug.xcconfig */;
			buildSettings = {
				ASSETCATALOG_COMPILER_APPICON_NAME = AppIcon;
				ASSETCATALOG_COMPILER_GLOBAL_ACCENT_COLOR_NAME = AccentColor;
				CLANG_ENABLE_MODULES = YES;
				CODE_SIGN_ENTITLEMENTS = MacCocoapodsDynamicExample/MacCocoapodsDynamicExample.entitlements;
				CODE_SIGN_STYLE = Automatic;
				COMBINE_HIDPI_IMAGES = YES;
				CURRENT_PROJECT_VERSION = 1;
				DEVELOPMENT_TEAM = ZQ7TZ3Q272;
				ENABLE_HARDENED_RUNTIME = YES;
				GENERATE_INFOPLIST_FILE = YES;
				INFOPLIST_KEY_NSHumanReadableCopyright = "";
				INFOPLIST_KEY_NSMainStoryboardFile = Main;
				INFOPLIST_KEY_NSPrincipalClass = NSApplication;
				LD_RUNPATH_SEARCH_PATHS = (
					"$(inherited)",
					"@executable_path/../Frameworks",
				);
				MARKETING_VERSION = 1.0;
				PRODUCT_BUNDLE_IDENTIFIER = com.yanni.MacCocoapodsDynamicExample;
				PRODUCT_NAME = "$(TARGET_NAME)";
				SDKROOT = macosx;
				SWIFT_EMIT_LOC_STRINGS = YES;
				SWIFT_OBJC_BRIDGING_HEADER = "MacCocoapodsDynamicExample/MacCocoapodsDynamicExample-Bridging-Header.h";
				SWIFT_OPTIMIZATION_LEVEL = "-Onone";
				SWIFT_VERSION = 5.0;
			};
			name = Debug;
		};
		A000D62A2B40714300AECDCF /* Release */ = {
			isa = XCBuildConfiguration;
			baseConfigurationReference = EBDB6BD97A877FCE476E8EB7 /* Pods-MacCocoapodsDynamicExample.release.xcconfig */;
			buildSettings = {
				ASSETCATALOG_COMPILER_APPICON_NAME = AppIcon;
				ASSETCATALOG_COMPILER_GLOBAL_ACCENT_COLOR_NAME = AccentColor;
				CLANG_ENABLE_MODULES = YES;
				CODE_SIGN_ENTITLEMENTS = MacCocoapodsDynamicExample/MacCocoapodsDynamicExample.entitlements;
				CODE_SIGN_STYLE = Automatic;
				COMBINE_HIDPI_IMAGES = YES;
				CURRENT_PROJECT_VERSION = 1;
				DEVELOPMENT_TEAM = ZQ7TZ3Q272;
				ENABLE_HARDENED_RUNTIME = YES;
				GENERATE_INFOPLIST_FILE = YES;
				INFOPLIST_KEY_NSHumanReadableCopyright = "";
				INFOPLIST_KEY_NSMainStoryboardFile = Main;
				INFOPLIST_KEY_NSPrincipalClass = NSApplication;
				LD_RUNPATH_SEARCH_PATHS = (
					"$(inherited)",
					"@executable_path/../Frameworks",
				);
				MARKETING_VERSION = 1.0;
				PRODUCT_BUNDLE_IDENTIFIER = com.yanni.MacCocoapodsDynamicExample;
				PRODUCT_NAME = "$(TARGET_NAME)";
				SDKROOT = macosx;
				SWIFT_EMIT_LOC_STRINGS = YES;
				SWIFT_OBJC_BRIDGING_HEADER = "MacCocoapodsDynamicExample/MacCocoapodsDynamicExample-Bridging-Header.h";
				SWIFT_VERSION = 5.0;
			};
			name = Release;
		};
		A000D6442B40720400AECDCF /* Debug */ = {
			isa = XCBuildConfiguration;
			baseConfigurationReference = 4259BA3C4989777515B2898D /* Pods-MacCocoapodsStaticExample.debug.xcconfig */;
			buildSettings = {
				ASSETCATALOG_COMPILER_APPICON_NAME = AppIcon;
				ASSETCATALOG_COMPILER_GLOBAL_ACCENT_COLOR_NAME = AccentColor;
				CLANG_ENABLE_MODULES = YES;
				CODE_SIGN_ENTITLEMENTS = MacCocoapodsStaticExample/MacCocoapodsStaticExample.entitlements;
				CODE_SIGN_STYLE = Automatic;
				COMBINE_HIDPI_IMAGES = YES;
				CURRENT_PROJECT_VERSION = 1;
				DEVELOPMENT_TEAM = ZQ7TZ3Q272;
				ENABLE_HARDENED_RUNTIME = YES;
				GENERATE_INFOPLIST_FILE = YES;
				INFOPLIST_KEY_NSHumanReadableCopyright = "";
				INFOPLIST_KEY_NSMainStoryboardFile = Main;
				INFOPLIST_KEY_NSPrincipalClass = NSApplication;
				LD_RUNPATH_SEARCH_PATHS = (
					"$(inherited)",
					"@executable_path/../Frameworks",
				);
				MARKETING_VERSION = 1.0;
				PRODUCT_BUNDLE_IDENTIFIER = com.yanni.MacCocoapodsStaticExample;
				PRODUCT_NAME = "$(TARGET_NAME)";
				SDKROOT = macosx;
				SWIFT_EMIT_LOC_STRINGS = YES;
				SWIFT_OBJC_BRIDGING_HEADER = "MacCocoapodsStaticExample/MacCocoapodsStaticExample-Bridging-Header.h";
				SWIFT_OPTIMIZATION_LEVEL = "-Onone";
				SWIFT_VERSION = 5.0;
			};
			name = Debug;
		};
		A000D6452B40720400AECDCF /* Release */ = {
			isa = XCBuildConfiguration;
			baseConfigurationReference = 8BA642D9A6F51602FC27421C /* Pods-MacCocoapodsStaticExample.release.xcconfig */;
			buildSettings = {
				ASSETCATALOG_COMPILER_APPICON_NAME = AppIcon;
				ASSETCATALOG_COMPILER_GLOBAL_ACCENT_COLOR_NAME = AccentColor;
				CLANG_ENABLE_MODULES = YES;
				CODE_SIGN_ENTITLEMENTS = MacCocoapodsStaticExample/MacCocoapodsStaticExample.entitlements;
				CODE_SIGN_STYLE = Automatic;
				COMBINE_HIDPI_IMAGES = YES;
				CURRENT_PROJECT_VERSION = 1;
				DEVELOPMENT_TEAM = ZQ7TZ3Q272;
				ENABLE_HARDENED_RUNTIME = YES;
				GENERATE_INFOPLIST_FILE = YES;
				INFOPLIST_KEY_NSHumanReadableCopyright = "";
				INFOPLIST_KEY_NSMainStoryboardFile = Main;
				INFOPLIST_KEY_NSPrincipalClass = NSApplication;
				LD_RUNPATH_SEARCH_PATHS = (
					"$(inherited)",
					"@executable_path/../Frameworks",
				);
				MARKETING_VERSION = 1.0;
				PRODUCT_BUNDLE_IDENTIFIER = com.yanni.MacCocoapodsStaticExample;
				PRODUCT_NAME = "$(TARGET_NAME)";
				SDKROOT = macosx;
				SWIFT_EMIT_LOC_STRINGS = YES;
				SWIFT_OBJC_BRIDGING_HEADER = "MacCocoapodsStaticExample/MacCocoapodsStaticExample-Bridging-Header.h";
				SWIFT_VERSION = 5.0;
			};
			name = Release;
		};
		A000D65E2B4072F500AECDCF /* Debug */ = {
			isa = XCBuildConfiguration;
			buildSettings = {
				ASSETCATALOG_COMPILER_APPICON_NAME = AppIcon;
				ASSETCATALOG_COMPILER_GLOBAL_ACCENT_COLOR_NAME = AccentColor;
				CLANG_ENABLE_MODULES = YES;
				CODE_SIGN_ENTITLEMENTS = SPMExample/SPMExample.entitlements;
				CODE_SIGN_STYLE = Automatic;
				CURRENT_PROJECT_VERSION = 1;
				DEVELOPMENT_ASSET_PATHS = "\"SPMExample/Preview Content\"";
				DEVELOPMENT_TEAM = ZQ7TZ3Q272;
				ENABLE_HARDENED_RUNTIME = YES;
				ENABLE_PREVIEWS = YES;
				ENABLE_USER_SCRIPT_SANDBOXING = YES;
				GENERATE_INFOPLIST_FILE = YES;
				"INFOPLIST_KEY_UIApplicationSceneManifest_Generation[sdk=iphoneos*]" = YES;
				"INFOPLIST_KEY_UIApplicationSceneManifest_Generation[sdk=iphonesimulator*]" = YES;
				"INFOPLIST_KEY_UIApplicationSupportsIndirectInputEvents[sdk=iphoneos*]" = YES;
				"INFOPLIST_KEY_UIApplicationSupportsIndirectInputEvents[sdk=iphonesimulator*]" = YES;
				"INFOPLIST_KEY_UILaunchScreen_Generation[sdk=iphoneos*]" = YES;
				"INFOPLIST_KEY_UILaunchScreen_Generation[sdk=iphonesimulator*]" = YES;
				"INFOPLIST_KEY_UIStatusBarStyle[sdk=iphoneos*]" = UIStatusBarStyleDefault;
				"INFOPLIST_KEY_UIStatusBarStyle[sdk=iphonesimulator*]" = UIStatusBarStyleDefault;
				INFOPLIST_KEY_UISupportedInterfaceOrientations_iPad = "UIInterfaceOrientationPortrait UIInterfaceOrientationPortraitUpsideDown UIInterfaceOrientationLandscapeLeft UIInterfaceOrientationLandscapeRight";
				INFOPLIST_KEY_UISupportedInterfaceOrientations_iPhone = "UIInterfaceOrientationPortrait UIInterfaceOrientationLandscapeLeft UIInterfaceOrientationLandscapeRight";
				IPHONEOS_DEPLOYMENT_TARGET = 15.0;
				LD_RUNPATH_SEARCH_PATHS = "@executable_path/Frameworks";
				"LD_RUNPATH_SEARCH_PATHS[sdk=macosx*]" = "@executable_path/../Frameworks";
				MACOSX_DEPLOYMENT_TARGET = 12;
				MARKETING_VERSION = 1.0;
				PRODUCT_BUNDLE_IDENTIFIER = com.yanni.SPMExample;
				PRODUCT_NAME = "$(TARGET_NAME)";
				SDKROOT = auto;
				SUPPORTED_PLATFORMS = "iphoneos iphonesimulator macosx";
				SWIFT_EMIT_LOC_STRINGS = YES;
				SWIFT_OBJC_BRIDGING_HEADER = "SPMExample/SPMExample-Bridging-Header.h";
				SWIFT_OPTIMIZATION_LEVEL = "-Onone";
				SWIFT_VERSION = 5.0;
				TARGETED_DEVICE_FAMILY = "1,2";
			};
			name = Debug;
		};
		A000D65F2B4072F500AECDCF /* Release */ = {
			isa = XCBuildConfiguration;
			buildSettings = {
				ASSETCATALOG_COMPILER_APPICON_NAME = AppIcon;
				ASSETCATALOG_COMPILER_GLOBAL_ACCENT_COLOR_NAME = AccentColor;
				CLANG_ENABLE_MODULES = YES;
				CODE_SIGN_ENTITLEMENTS = SPMExample/SPMExample.entitlements;
				CODE_SIGN_STYLE = Automatic;
				CURRENT_PROJECT_VERSION = 1;
				DEVELOPMENT_ASSET_PATHS = "\"SPMExample/Preview Content\"";
				DEVELOPMENT_TEAM = ZQ7TZ3Q272;
				ENABLE_HARDENED_RUNTIME = YES;
				ENABLE_PREVIEWS = YES;
				ENABLE_USER_SCRIPT_SANDBOXING = YES;
				GENERATE_INFOPLIST_FILE = YES;
				"INFOPLIST_KEY_UIApplicationSceneManifest_Generation[sdk=iphoneos*]" = YES;
				"INFOPLIST_KEY_UIApplicationSceneManifest_Generation[sdk=iphonesimulator*]" = YES;
				"INFOPLIST_KEY_UIApplicationSupportsIndirectInputEvents[sdk=iphoneos*]" = YES;
				"INFOPLIST_KEY_UIApplicationSupportsIndirectInputEvents[sdk=iphonesimulator*]" = YES;
				"INFOPLIST_KEY_UILaunchScreen_Generation[sdk=iphoneos*]" = YES;
				"INFOPLIST_KEY_UILaunchScreen_Generation[sdk=iphonesimulator*]" = YES;
				"INFOPLIST_KEY_UIStatusBarStyle[sdk=iphoneos*]" = UIStatusBarStyleDefault;
				"INFOPLIST_KEY_UIStatusBarStyle[sdk=iphonesimulator*]" = UIStatusBarStyleDefault;
				INFOPLIST_KEY_UISupportedInterfaceOrientations_iPad = "UIInterfaceOrientationPortrait UIInterfaceOrientationPortraitUpsideDown UIInterfaceOrientationLandscapeLeft UIInterfaceOrientationLandscapeRight";
				INFOPLIST_KEY_UISupportedInterfaceOrientations_iPhone = "UIInterfaceOrientationPortrait UIInterfaceOrientationLandscapeLeft UIInterfaceOrientationLandscapeRight";
				IPHONEOS_DEPLOYMENT_TARGET = 15.0;
				LD_RUNPATH_SEARCH_PATHS = "@executable_path/Frameworks";
				"LD_RUNPATH_SEARCH_PATHS[sdk=macosx*]" = "@executable_path/../Frameworks";
				MACOSX_DEPLOYMENT_TARGET = 12;
				MARKETING_VERSION = 1.0;
				PRODUCT_BUNDLE_IDENTIFIER = com.yanni.SPMExample;
				PRODUCT_NAME = "$(TARGET_NAME)";
				SDKROOT = auto;
				SUPPORTED_PLATFORMS = "iphoneos iphonesimulator macosx";
				SWIFT_EMIT_LOC_STRINGS = YES;
				SWIFT_OBJC_BRIDGING_HEADER = "SPMExample/SPMExample-Bridging-Header.h";
				SWIFT_VERSION = 5.0;
				TARGETED_DEVICE_FAMILY = "1,2";
			};
			name = Release;
		};
/* End XCBuildConfiguration section */

/* Begin XCConfigurationList section */
		A000D57A2B4067AD00AECDCF /* Build configuration list for PBXProject "Example" */ = {
			isa = XCConfigurationList;
			buildConfigurations = (
				A000D58C2B4067AE00AECDCF /* Debug */,
				A000D58D2B4067AE00AECDCF /* Release */,
			);
			defaultConfigurationIsVisible = 0;
			defaultConfigurationName = Release;
		};
		A000D5ED2B406FEB00AECDCF /* Build configuration list for PBXNativeTarget "iOSCocoapodsDynamicExample" */ = {
			isa = XCConfigurationList;
			buildConfigurations = (
				A000D5EE2B406FEB00AECDCF /* Debug */,
				A000D5EF2B406FEB00AECDCF /* Release */,
			);
			defaultConfigurationIsVisible = 0;
			defaultConfigurationName = Release;
		};
		A000D60D2B40707E00AECDCF /* Build configuration list for PBXNativeTarget "iOSCocoapodsStaticExample" */ = {
			isa = XCConfigurationList;
			buildConfigurations = (
				A000D60E2B40707E00AECDCF /* Debug */,
				A000D60F2B40707E00AECDCF /* Release */,
			);
			defaultConfigurationIsVisible = 0;
			defaultConfigurationName = Release;
		};
		A000D6282B40714300AECDCF /* Build configuration list for PBXNativeTarget "MacCocoapodsDynamicExample" */ = {
			isa = XCConfigurationList;
			buildConfigurations = (
				A000D6292B40714300AECDCF /* Debug */,
				A000D62A2B40714300AECDCF /* Release */,
			);
			defaultConfigurationIsVisible = 0;
			defaultConfigurationName = Release;
		};
		A000D6432B40720400AECDCF /* Build configuration list for PBXNativeTarget "MacCocoapodsStaticExample" */ = {
			isa = XCConfigurationList;
			buildConfigurations = (
				A000D6442B40720400AECDCF /* Debug */,
				A000D6452B40720400AECDCF /* Release */,
			);
			defaultConfigurationIsVisible = 0;
			defaultConfigurationName = Release;
		};
		A000D6602B4072F500AECDCF /* Build configuration list for PBXNativeTarget "SPMExample" */ = {
			isa = XCConfigurationList;
			buildConfigurations = (
				A000D65E2B4072F500AECDCF /* Debug */,
				A000D65F2B4072F500AECDCF /* Release */,
			);
			defaultConfigurationIsVisible = 0;
			defaultConfigurationName = Release;
		};
/* End XCConfigurationList section */

/* Begin XCLocalSwiftPackageReference section */
		A09334A72B41518700DA9FA0 /* XCLocalSwiftPackageReference ".." */ = {
			isa = XCLocalSwiftPackageReference;
			relativePath = ..;
		};
/* End XCLocalSwiftPackageReference section */

/* Begin XCSwiftPackageProductDependency section */
		A09334A82B41518700DA9FA0 /* libffi_apple */ = {
			isa = XCSwiftPackageProductDependency;
			productName = libffi_apple;
		};
/* End XCSwiftPackageProductDependency section */
	};
	rootObject = A000D5772B4067AD00AECDCF /* Project object */;
}
